// !$*UTF8*$!
{
	archiveVersion = 1;
	classes = {
	};
	objectVersion = 48;
	objects = {

/* Begin PBXBuildFile section */
		522E77DB1F59225C009AAACC /* AppDelegate.swift in Sources */ = {isa = PBXBuildFile; fileRef = 522E77DA1F59225C009AAACC /* AppDelegate.swift */; };
		522E77DD1F5923EB009AAACC /* GoogleService-Info.plist in Resources */ = {isa = PBXBuildFile; fileRef = 522E77DC1F5923EA009AAACC /* GoogleService-Info.plist */; };
		522E77DF1F595661009AAACC /* AuthService.swift in Sources */ = {isa = PBXBuildFile; fileRef = 522E77DE1F595661009AAACC /* AuthService.swift */; };
		52505E261F58E1C800B1245C /* FeedVC.swift in Sources */ = {isa = PBXBuildFile; fileRef = 52505E251F58E1C800B1245C /* FeedVC.swift */; };
		52505E281F58E1C800B1245C /* GroupVC.swift in Sources */ = {isa = PBXBuildFile; fileRef = 52505E271F58E1C800B1245C /* GroupVC.swift */; };
		52505E2B1F58E1C800B1245C /* Main.storyboard in Resources */ = {isa = PBXBuildFile; fileRef = 52505E291F58E1C800B1245C /* Main.storyboard */; };
		52505E2D1F58E1C800B1245C /* Assets.xcassets in Resources */ = {isa = PBXBuildFile; fileRef = 52505E2C1F58E1C800B1245C /* Assets.xcassets */; };
		52505E301F58E1C800B1245C /* LaunchScreen.storyboard in Resources */ = {isa = PBXBuildFile; fileRef = 52505E2E1F58E1C800B1245C /* LaunchScreen.storyboard */; };
		52C76A4D1F58EDC60093DCC2 /* DataService.swift in Sources */ = {isa = PBXBuildFile; fileRef = 52C76A4C1F58EDC60093DCC2 /* DataService.swift */; };
		52C76A4F1F591B6A0093DCC2 /* AuthVC.swift in Sources */ = {isa = PBXBuildFile; fileRef = 52C76A4E1F591B6A0093DCC2 /* AuthVC.swift */; };
		52C76A511F591B7E0093DCC2 /* LoginVC.swift in Sources */ = {isa = PBXBuildFile; fileRef = 52C76A501F591B7E0093DCC2 /* LoginVC.swift */; };
		52C76A531F591BDA0093DCC2 /* LoginField.swift in Sources */ = {isa = PBXBuildFile; fileRef = 52C76A521F591BDA0093DCC2 /* LoginField.swift */; };
		52C76A551F591BF60093DCC2 /* ShadowView.swift in Sources */ = {isa = PBXBuildFile; fileRef = 52C76A541F591BF60093DCC2 /* ShadowView.swift */; };
		52E0AEFD1F5A61D000ABA831 /* UINavigationBar+Ext.swift in Sources */ = {isa = PBXBuildFile; fileRef = 52E0AEFC1F5A61D000ABA831 /* UINavigationBar+Ext.swift */; };
		52E0AEFF1F5A69C800ABA831 /* MeVC.swift in Sources */ = {isa = PBXBuildFile; fileRef = 52E0AEFE1F5A69C800ABA831 /* MeVC.swift */; };
		FE3B0D7392128E494C3EAE50 /* Pods_breakpoint.framework in Frameworks */ = {isa = PBXBuildFile; fileRef = B37274CEA6952A4EF49E96D9 /* Pods_breakpoint.framework */; };
/* End PBXBuildFile section */

/* Begin PBXFileReference section */
		3A810E09F0055BE64F3AC3EA /* Pods-breakpoint.release.xcconfig */ = {isa = PBXFileReference; includeInIndex = 1; lastKnownFileType = text.xcconfig; name = "Pods-breakpoint.release.xcconfig"; path = "Pods/Target Support Files/Pods-breakpoint/Pods-breakpoint.release.xcconfig"; sourceTree = "<group>"; };
		522E77DA1F59225C009AAACC /* AppDelegate.swift */ = {isa = PBXFileReference; lastKnownFileType = sourcecode.swift; path = AppDelegate.swift; sourceTree = "<group>"; };
		522E77DC1F5923EA009AAACC /* GoogleService-Info.plist */ = {isa = PBXFileReference; fileEncoding = 4; lastKnownFileType = text.plist.xml; path = "GoogleService-Info.plist"; sourceTree = "<group>"; };
		522E77DE1F595661009AAACC /* AuthService.swift */ = {isa = PBXFileReference; lastKnownFileType = sourcecode.swift; path = AuthService.swift; sourceTree = "<group>"; };
		52505E201F58E1C800B1245C /* breakpoint.app */ = {isa = PBXFileReference; explicitFileType = wrapper.application; includeInIndex = 0; path = breakpoint.app; sourceTree = BUILT_PRODUCTS_DIR; };
		52505E251F58E1C800B1245C /* FeedVC.swift */ = {isa = PBXFileReference; lastKnownFileType = sourcecode.swift; path = FeedVC.swift; sourceTree = "<group>"; };
		52505E271F58E1C800B1245C /* GroupVC.swift */ = {isa = PBXFileReference; lastKnownFileType = sourcecode.swift; path = GroupVC.swift; sourceTree = "<group>"; };
		52505E2A1F58E1C800B1245C /* Base */ = {isa = PBXFileReference; lastKnownFileType = file.storyboard; name = Base; path = Base.lproj/Main.storyboard; sourceTree = "<group>"; };
		52505E2C1F58E1C800B1245C /* Assets.xcassets */ = {isa = PBXFileReference; lastKnownFileType = folder.assetcatalog; path = Assets.xcassets; sourceTree = "<group>"; };
		52505E2F1F58E1C800B1245C /* Base */ = {isa = PBXFileReference; lastKnownFileType = file.storyboard; name = Base; path = Base.lproj/LaunchScreen.storyboard; sourceTree = "<group>"; };
		52505E311F58E1C800B1245C /* Info.plist */ = {isa = PBXFileReference; lastKnownFileType = text.plist.xml; path = Info.plist; sourceTree = "<group>"; };
		52C76A4C1F58EDC60093DCC2 /* DataService.swift */ = {isa = PBXFileReference; lastKnownFileType = sourcecode.swift; path = DataService.swift; sourceTree = "<group>"; };
		52C76A4E1F591B6A0093DCC2 /* AuthVC.swift */ = {isa = PBXFileReference; lastKnownFileType = sourcecode.swift; path = AuthVC.swift; sourceTree = "<group>"; };
		52C76A501F591B7E0093DCC2 /* LoginVC.swift */ = {isa = PBXFileReference; lastKnownFileType = sourcecode.swift; path = LoginVC.swift; sourceTree = "<group>"; };
		52C76A521F591BDA0093DCC2 /* LoginField.swift */ = {isa = PBXFileReference; lastKnownFileType = sourcecode.swift; path = LoginField.swift; sourceTree = "<group>"; };
		52C76A541F591BF60093DCC2 /* ShadowView.swift */ = {isa = PBXFileReference; lastKnownFileType = sourcecode.swift; path = ShadowView.swift; sourceTree = "<group>"; };
		52E0AEFC1F5A61D000ABA831 /* UINavigationBar+Ext.swift */ = {isa = PBXFileReference; lastKnownFileType = sourcecode.swift; path = "UINavigationBar+Ext.swift"; sourceTree = "<group>"; };
		52E0AEFE1F5A69C800ABA831 /* MeVC.swift */ = {isa = PBXFileReference; lastKnownFileType = sourcecode.swift; path = MeVC.swift; sourceTree = "<group>"; };
		5D5654DC3111F72B16F43242 /* Pods-breakpoint.debug.xcconfig */ = {isa = PBXFileReference; includeInIndex = 1; lastKnownFileType = text.xcconfig; name = "Pods-breakpoint.debug.xcconfig"; path = "Pods/Target Support Files/Pods-breakpoint/Pods-breakpoint.debug.xcconfig"; sourceTree = "<group>"; };
		B37274CEA6952A4EF49E96D9 /* Pods_breakpoint.framework */ = {isa = PBXFileReference; explicitFileType = wrapper.framework; includeInIndex = 0; path = Pods_breakpoint.framework; sourceTree = BUILT_PRODUCTS_DIR; };
/* End PBXFileReference section */

/* Begin PBXFrameworksBuildPhase section */
		52505E1D1F58E1C800B1245C /* Frameworks */ = {
			isa = PBXFrameworksBuildPhase;
			buildActionMask = 2147483647;
			files = (
				FE3B0D7392128E494C3EAE50 /* Pods_breakpoint.framework in Frameworks */,
			);
			runOnlyForDeploymentPostprocessing = 0;
		};
/* End PBXFrameworksBuildPhase section */

/* Begin PBXGroup section */
		34942754FA595F8EDF0941EB /* Pods */ = {
			isa = PBXGroup;
			children = (
				5D5654DC3111F72B16F43242 /* Pods-breakpoint.debug.xcconfig */,
				3A810E09F0055BE64F3AC3EA /* Pods-breakpoint.release.xcconfig */,
			);
			name = Pods;
			sourceTree = "<group>";
		};
		52505E171F58E1C800B1245C = {
			isa = PBXGroup;
			children = (
				52505E221F58E1C800B1245C /* breakpoint */,
				52505E211F58E1C800B1245C /* Products */,
				34942754FA595F8EDF0941EB /* Pods */,
				AF527A5431FB0411BB29DCB9 /* Frameworks */,
			);
			sourceTree = "<group>";
		};
		52505E211F58E1C800B1245C /* Products */ = {
			isa = PBXGroup;
			children = (
				52505E201F58E1C800B1245C /* breakpoint.app */,
			);
			name = Products;
			sourceTree = "<group>";
		};
		52505E221F58E1C800B1245C /* breakpoint */ = {
			isa = PBXGroup;
			children = (
				522E77DC1F5923EA009AAACC /* GoogleService-Info.plist */,
				52C76A571F5921CB0093DCC2 /* Other */,
				52505E3B1F58E20800B1245C /* Service */,
				52505E3A1F58E1FD00B1245C /* Extension */,
				52505E391F58E1F800B1245C /* Model */,
				52505E381F58E1F300B1245C /* View */,
				52505E371F58E1DD00B1245C /* Controller */,
				52505E291F58E1C800B1245C /* Main.storyboard */,
				52505E311F58E1C800B1245C /* Info.plist */,
			);
			path = breakpoint;
			sourceTree = "<group>";
		};
		52505E371F58E1DD00B1245C /* Controller */ = {
			isa = PBXGroup;
			children = (
				52505E251F58E1C800B1245C /* FeedVC.swift */,
				52505E271F58E1C800B1245C /* GroupVC.swift */,
				52C76A4E1F591B6A0093DCC2 /* AuthVC.swift */,
				52C76A501F591B7E0093DCC2 /* LoginVC.swift */,
				52E0AEFE1F5A69C800ABA831 /* MeVC.swift */,
			);
			path = Controller;
			sourceTree = "<group>";
		};
		52505E381F58E1F300B1245C /* View */ = {
			isa = PBXGroup;
			children = (
				52C76A521F591BDA0093DCC2 /* LoginField.swift */,
				52C76A541F591BF60093DCC2 /* ShadowView.swift */,
			);
			path = View;
			sourceTree = "<group>";
		};
		52505E391F58E1F800B1245C /* Model */ = {
			isa = PBXGroup;
			children = (
			);
			path = Model;
			sourceTree = "<group>";
		};
		52505E3A1F58E1FD00B1245C /* Extension */ = {
			isa = PBXGroup;
			children = (
				52E0AEFC1F5A61D000ABA831 /* UINavigationBar+Ext.swift */,
			);
			path = Extension;
			sourceTree = "<group>";
		};
		52505E3B1F58E20800B1245C /* Service */ = {
			isa = PBXGroup;
			children = (
				52C76A4C1F58EDC60093DCC2 /* DataService.swift */,
				522E77DE1F595661009AAACC /* AuthService.swift */,
			);
			path = Service;
			sourceTree = "<group>";
		};
		52C76A571F5921CB0093DCC2 /* Other */ = {
			isa = PBXGroup;
			children = (
				522E77DA1F59225C009AAACC /* AppDelegate.swift */,
				52505E2C1F58E1C800B1245C /* Assets.xcassets */,
				52505E2E1F58E1C800B1245C /* LaunchScreen.storyboard */,
			);
			path = Other;
			sourceTree = "<group>";
		};
		AF527A5431FB0411BB29DCB9 /* Frameworks */ = {
			isa = PBXGroup;
			children = (
				B37274CEA6952A4EF49E96D9 /* Pods_breakpoint.framework */,
			);
			name = Frameworks;
			sourceTree = "<group>";
		};
/* End PBXGroup section */

/* Begin PBXNativeTarget section */
		52505E1F1F58E1C800B1245C /* breakpoint */ = {
			isa = PBXNativeTarget;
			buildConfigurationList = 52505E341F58E1C800B1245C /* Build configuration list for PBXNativeTarget "breakpoint" */;
			buildPhases = (
				7CBCAF707CB482D78D888B79 /* [CP] Check Pods Manifest.lock */,
				52505E1C1F58E1C800B1245C /* Sources */,
				52505E1D1F58E1C800B1245C /* Frameworks */,
				52505E1E1F58E1C800B1245C /* Resources */,
				68584428A08FAD96A00DED0A /* [CP] Embed Pods Frameworks */,
				BC82C634910A4850346B2FD4 /* [CP] Copy Pods Resources */,
			);
			buildRules = (
			);
			dependencies = (
			);
			name = breakpoint;
			productName = breakpoint;
			productReference = 52505E201F58E1C800B1245C /* breakpoint.app */;
			productType = "com.apple.product-type.application";
		};
/* End PBXNativeTarget section */

/* Begin PBXProject section */
		52505E181F58E1C800B1245C /* Project object */ = {
			isa = PBXProject;
			attributes = {
				LastSwiftUpdateCheck = 0900;
				LastUpgradeCheck = 0900;
				ORGANIZATIONNAME = "徐永宏";
				TargetAttributes = {
					52505E1F1F58E1C800B1245C = {
						CreatedOnToolsVersion = 9.0;
						ProvisioningStyle = Automatic;
					};
				};
			};
			buildConfigurationList = 52505E1B1F58E1C800B1245C /* Build configuration list for PBXProject "breakpoint" */;
			compatibilityVersion = "Xcode 8.0";
			developmentRegion = en;
			hasScannedForEncodings = 0;
			knownRegions = (
				en,
				Base,
			);
			mainGroup = 52505E171F58E1C800B1245C;
			productRefGroup = 52505E211F58E1C800B1245C /* Products */;
			projectDirPath = "";
			projectRoot = "";
			targets = (
				52505E1F1F58E1C800B1245C /* breakpoint */,
			);
		};
/* End PBXProject section */

/* Begin PBXResourcesBuildPhase section */
		52505E1E1F58E1C800B1245C /* Resources */ = {
			isa = PBXResourcesBuildPhase;
			buildActionMask = 2147483647;
			files = (
				52505E301F58E1C800B1245C /* LaunchScreen.storyboard in Resources */,
				522E77DD1F5923EB009AAACC /* GoogleService-Info.plist in Resources */,
				52505E2D1F58E1C800B1245C /* Assets.xcassets in Resources */,
				52505E2B1F58E1C800B1245C /* Main.storyboard in Resources */,
			);
			runOnlyForDeploymentPostprocessing = 0;
		};
/* End PBXResourcesBuildPhase section */

/* Begin PBXShellScriptBuildPhase section */
		68584428A08FAD96A00DED0A /* [CP] Embed Pods Frameworks */ = {
			isa = PBXShellScriptBuildPhase;
			buildActionMask = 2147483647;
			files = (
			);
			inputPaths = (
			);
			name = "[CP] Embed Pods Frameworks";
			outputPaths = (
			);
			runOnlyForDeploymentPostprocessing = 0;
			shellPath = /bin/sh;
			shellScript = "\"${SRCROOT}/Pods/Target Support Files/Pods-breakpoint/Pods-breakpoint-frameworks.sh\"\n";
			showEnvVarsInLog = 0;
		};
		7CBCAF707CB482D78D888B79 /* [CP] Check Pods Manifest.lock */ = {
			isa = PBXShellScriptBuildPhase;
			buildActionMask = 2147483647;
			files = (
			);
			inputPaths = (
			);
			name = "[CP] Check Pods Manifest.lock";
			outputPaths = (
			);
			runOnlyForDeploymentPostprocessing = 0;
			shellPath = /bin/sh;
			shellScript = "diff \"${PODS_ROOT}/../Podfile.lock\" \"${PODS_ROOT}/Manifest.lock\" > /dev/null\nif [ $? != 0 ] ; then\n    # print error to STDERR\n    echo \"error: The sandbox is not in sync with the Podfile.lock. Run 'pod install' or update your CocoaPods installation.\" >&2\n    exit 1\nfi\n";
			showEnvVarsInLog = 0;
		};
		BC82C634910A4850346B2FD4 /* [CP] Copy Pods Resources */ = {
			isa = PBXShellScriptBuildPhase;
			buildActionMask = 2147483647;
			files = (
			);
			inputPaths = (
			);
			name = "[CP] Copy Pods Resources";
			outputPaths = (
			);
			runOnlyForDeploymentPostprocessing = 0;
			shellPath = /bin/sh;
			shellScript = "\"${SRCROOT}/Pods/Target Support Files/Pods-breakpoint/Pods-breakpoint-resources.sh\"\n";
			showEnvVarsInLog = 0;
		};
/* End PBXShellScriptBuildPhase section */

/* Begin PBXSourcesBuildPhase section */
		52505E1C1F58E1C800B1245C /* Sources */ = {
			isa = PBXSourcesBuildPhase;
			buildActionMask = 2147483647;
			files = (
				52E0AEFD1F5A61D000ABA831 /* UINavigationBar+Ext.swift in Sources */,
				522E77DB1F59225C009AAACC /* AppDelegate.swift in Sources */,
				52C76A4F1F591B6A0093DCC2 /* AuthVC.swift in Sources */,
				52505E281F58E1C800B1245C /* GroupVC.swift in Sources */,
				522E77DF1F595661009AAACC /* AuthService.swift in Sources */,
				52C76A511F591B7E0093DCC2 /* LoginVC.swift in Sources */,
				52C76A551F591BF60093DCC2 /* ShadowView.swift in Sources */,
				52E0AEFF1F5A69C800ABA831 /* MeVC.swift in Sources */,
				52505E261F58E1C800B1245C /* FeedVC.swift in Sources */,
				52C76A4D1F58EDC60093DCC2 /* DataService.swift in Sources */,
				52C76A531F591BDA0093DCC2 /* LoginField.swift in Sources */,
			);
			runOnlyForDeploymentPostprocessing = 0;
		};
/* End PBXSourcesBuildPhase section */

/* Begin PBXVariantGroup section */
		52505E291F58E1C800B1245C /* Main.storyboard */ = {
			isa = PBXVariantGroup;
			children = (
				52505E2A1F58E1C800B1245C /* Base */,
			);
			name = Main.storyboard;
			sourceTree = "<group>";
		};
		52505E2E1F58E1C800B1245C /* LaunchScreen.storyboard */ = {
			isa = PBXVariantGroup;
			children = (
				52505E2F1F58E1C800B1245C /* Base */,
			);
			name = LaunchScreen.storyboard;
			sourceTree = "<group>";
		};
/* End PBXVariantGroup section */

/* Begin XCBuildConfiguration section */
		52505E321F58E1C800B1245C /* Debug */ = {
			isa = XCBuildConfiguration;
			buildSettings = {
				ALWAYS_SEARCH_USER_PATHS = NO;
				CLANG_ANALYZER_NONNULL = YES;
				CLANG_ANALYZER_NUMBER_OBJECT_CONVERSION = YES_AGGRESSIVE;
				CLANG_CXX_LANGUAGE_STANDARD = "gnu++14";
				CLANG_CXX_LIBRARY = "libc++";
				CLANG_ENABLE_MODULES = YES;
				CLANG_ENABLE_OBJC_ARC = YES;
				CLANG_WARN_BLOCK_CAPTURE_AUTORELEASING = YES;
				CLANG_WARN_BOOL_CONVERSION = YES;
				CLANG_WARN_COMMA = YES;
				CLANG_WARN_CONSTANT_CONVERSION = YES;
				CLANG_WARN_DIRECT_OBJC_ISA_USAGE = YES_ERROR;
				CLANG_WARN_DOCUMENTATION_COMMENTS = YES;
				CLANG_WARN_EMPTY_BODY = YES;
				CLANG_WARN_ENUM_CONVERSION = YES;
				CLANG_WARN_INFINITE_RECURSION = YES;
				CLANG_WARN_INT_CONVERSION = YES;
				CLANG_WARN_NON_LITERAL_NULL_CONVERSION = YES;
				CLANG_WARN_OBJC_LITERAL_CONVERSION = YES;
				CLANG_WARN_OBJC_ROOT_CLASS = YES_ERROR;
				CLANG_WARN_RANGE_LOOP_ANALYSIS = YES;
				CLANG_WARN_STRICT_PROTOTYPES = YES;
				CLANG_WARN_SUSPICIOUS_MOVE = YES;
				CLANG_WARN_UNGUARDED_AVAILABILITY = YES_AGGRESSIVE;
				CLANG_WARN_UNREACHABLE_CODE = YES;
				CLANG_WARN__DUPLICATE_METHOD_MATCH = YES;
				CODE_SIGN_IDENTITY = "iPhone Developer";
				COPY_PHASE_STRIP = NO;
				DEBUG_INFORMATION_FORMAT = dwarf;
				ENABLE_STRICT_OBJC_MSGSEND = YES;
				ENABLE_TESTABILITY = YES;
				GCC_C_LANGUAGE_STANDARD = gnu11;
				GCC_DYNAMIC_NO_PIC = NO;
				GCC_NO_COMMON_BLOCKS = YES;
				GCC_OPTIMIZATION_LEVEL = 0;
				GCC_PREPROCESSOR_DEFINITIONS = (
					"DEBUG=1",
					"$(inherited)",
				);
				GCC_WARN_64_TO_32_BIT_CONVERSION = YES;
				GCC_WARN_ABOUT_RETURN_TYPE = YES_ERROR;
				GCC_WARN_UNDECLARED_SELECTOR = YES;
				GCC_WARN_UNINITIALIZED_AUTOS = YES_AGGRESSIVE;
				GCC_WARN_UNUSED_FUNCTION = YES;
				GCC_WARN_UNUSED_VARIABLE = YES;
				IPHONEOS_DEPLOYMENT_TARGET = 11.0;
				MTL_ENABLE_DEBUG_INFO = YES;
				ONLY_ACTIVE_ARCH = YES;
				SDKROOT = iphoneos;
				SWIFT_ACTIVE_COMPILATION_CONDITIONS = DEBUG;
				SWIFT_OPTIMIZATION_LEVEL = "-Onone";
			};
			name = Debug;
		};
		52505E331F58E1C800B1245C /* Release */ = {
			isa = XCBuildConfiguration;
			buildSettings = {
				ALWAYS_SEARCH_USER_PATHS = NO;
				CLANG_ANALYZER_NONNULL = YES;
				CLANG_ANALYZER_NUMBER_OBJECT_CONVERSION = YES_AGGRESSIVE;
				CLANG_CXX_LANGUAGE_STANDARD = "gnu++14";
				CLANG_CXX_LIBRARY = "libc++";
				CLANG_ENABLE_MODULES = YES;
				CLANG_ENABLE_OBJC_ARC = YES;
				CLANG_WARN_BLOCK_CAPTURE_AUTORELEASING = YES;
				CLANG_WARN_BOOL_CONVERSION = YES;
				CLANG_WARN_COMMA = YES;
				CLANG_WARN_CONSTANT_CONVERSION = YES;
				CLANG_WARN_DIRECT_OBJC_ISA_USAGE = YES_ERROR;
				CLANG_WARN_DOCUMENTATION_COMMENTS = YES;
				CLANG_WARN_EMPTY_BODY = YES;
				CLANG_WARN_ENUM_CONVERSION = YES;
				CLANG_WARN_INFINITE_RECURSION = YES;
				CLANG_WARN_INT_CONVERSION = YES;
				CLANG_WARN_NON_LITERAL_NULL_CONVERSION = YES;
				CLANG_WARN_OBJC_LITERAL_CONVERSION = YES;
				CLANG_WARN_OBJC_ROOT_CLASS = YES_ERROR;
				CLANG_WARN_RANGE_LOOP_ANALYSIS = YES;
				CLANG_WARN_STRICT_PROTOTYPES = YES;
				CLANG_WARN_SUSPICIOUS_MOVE = YES;
				CLANG_WARN_UNGUARDED_AVAILABILITY = YES_AGGRESSIVE;
				CLANG_WARN_UNREACHABLE_CODE = YES;
				CLANG_WARN__DUPLICATE_METHOD_MATCH = YES;
				CODE_SIGN_IDENTITY = "iPhone Developer";
				COPY_PHASE_STRIP = NO;
				DEBUG_INFORMATION_FORMAT = "dwarf-with-dsym";
				ENABLE_NS_ASSERTIONS = NO;
				ENABLE_STRICT_OBJC_MSGSEND = YES;
				GCC_C_LANGUAGE_STANDARD = gnu11;
				GCC_NO_COMMON_BLOCKS = YES;
				GCC_WARN_64_TO_32_BIT_CONVERSION = YES;
				GCC_WARN_ABOUT_RETURN_TYPE = YES_ERROR;
				GCC_WARN_UNDECLARED_SELECTOR = YES;
				GCC_WARN_UNINITIALIZED_AUTOS = YES_AGGRESSIVE;
				GCC_WARN_UNUSED_FUNCTION = YES;
				GCC_WARN_UNUSED_VARIABLE = YES;
				IPHONEOS_DEPLOYMENT_TARGET = 11.0;
				MTL_ENABLE_DEBUG_INFO = NO;
				SDKROOT = iphoneos;
				SWIFT_OPTIMIZATION_LEVEL = "-Owholemodule";
				VALIDATE_PRODUCT = YES;
			};
			name = Release;
		};
		52505E351F58E1C800B1245C /* Debug */ = {
			isa = XCBuildConfiguration;
			baseConfigurationReference = 5D5654DC3111F72B16F43242 /* Pods-breakpoint.debug.xcconfig */;
			buildSettings = {
				ASSETCATALOG_COMPILER_APPICON_NAME = AppIcon;
				CODE_SIGN_STYLE = Automatic;
				DEVELOPMENT_TEAM = FXQDZW7GNW;
				INFOPLIST_FILE = breakpoint/Info.plist;
				LD_RUNPATH_SEARCH_PATHS = "$(inherited) @executable_path/Frameworks";
				PRODUCT_BUNDLE_IDENTIFIER = com.yonhom.breakpoint;
				PRODUCT_NAME = "$(TARGET_NAME)";
				SWIFT_VERSION = 4.0;
				TARGETED_DEVICE_FAMILY = "1,2";
			};
			name = Debug;
		};
		52505E361F58E1C800B1245C /* Release */ = {
			isa = XCBuildConfiguration;
			baseConfigurationReference = 3A810E09F0055BE64F3AC3EA /* Pods-breakpoint.release.xcconfig */;
			buildSettings = {
				ASSETCATALOG_COMPILER_APPICON_NAME = AppIcon;
				CODE_SIGN_STYLE = Automatic;
				DEVELOPMENT_TEAM = FXQDZW7GNW;
				INFOPLIST_FILE = breakpoint/Info.plist;
				LD_RUNPATH_SEARCH_PATHS = "$(inherited) @executable_path/Frameworks";
				PRODUCT_BUNDLE_IDENTIFIER = com.yonhom.breakpoint;
				PRODUCT_NAME = "$(TARGET_NAME)";
				SWIFT_VERSION = 4.0;
				TARGETED_DEVICE_FAMILY = "1,2";
			};
			name = Release;
		};
/* End XCBuildConfiguration section */

/* Begin XCConfigurationList section */
		52505E1B1F58E1C800B1245C /* Build configuration list for PBXProject "breakpoint" */ = {
			isa = XCConfigurationList;
			buildConfigurations = (
				52505E321F58E1C800B1245C /* Debug */,
				52505E331F58E1C800B1245C /* Release */,
			);
			defaultConfigurationIsVisible = 0;
			defaultConfigurationName = Release;
		};
		52505E341F58E1C800B1245C /* Build configuration list for PBXNativeTarget "breakpoint" */ = {
			isa = XCConfigurationList;
			buildConfigurations = (
				52505E351F58E1C800B1245C /* Debug */,
				52505E361F58E1C800B1245C /* Release */,
			);
			defaultConfigurationIsVisible = 0;
			defaultConfigurationName = Release;
		};
/* End XCConfigurationList section */
	};
	rootObject = 52505E181F58E1C800B1245C /* Project object */;
}
